
Microsoft Visual Studio Solution File, Format Version 12.00
# Visual Studio Version 16
VisualStudioVersion = 16.0.29519.87
MinimumVisualStudioVersion = 10.0.40219.1
Project("{FAE04EC0-301F-11D3-BF4B-00C04F79EFBC}") = "Model", "Model\Model.csproj", "{C9C895F0-565F-435C-AC2D-DB8585712DA5}"
EndProject
Project("{FAE04EC0-301F-11D3-BF4B-00C04F79EFBC}") = "ViewModel", "ViewModel\ViewModel.csproj", "{F92DF17C-0ABC-4E6B-8FB4-B1328668970A}"
EndProject
Project("{FAE04EC0-301F-11D3-BF4B-00C04F79EFBC}") = "View", "View\View.csproj", "{284D4732-01B8-4CD9-B2FD-3C150F5F526C}"
EndProject
Global
	GlobalSection(SolutionConfigurationPlatforms) = preSolution
		Debug|Any CPU = Debug|Any CPU
		Release|Any CPU = Release|Any CPU
	EndGlobalSection
	GlobalSection(ProjectConfigurationPlatforms) = postSolution
		{C9C895F0-565F-435C-AC2D-DB8585712DA5}.Debug|Any CPU.ActiveCfg = Debug|Any CPU
		{C9C895F0-565F-435C-AC2D-DB8585712DA5}.Debug|Any CPU.Build.0 = Debug|Any CPU
		{C9C895F0-565F-435C-AC2D-DB8585712DA5}.Release|Any CPU.ActiveCfg = Release|Any CPU
		{C9C895F0-565F-435C-AC2D-DB8585712DA5}.Release|Any CPU.Build.0 = Release|Any CPU
		{F92DF17C-0ABC-4E6B-8FB4-B1328668970A}.Debug|Any CPU.ActiveCfg = Debug|Any CPU
		{F92DF17C-0ABC-4E6B-8FB4-B1328668970A}.Debug|Any CPU.Build.0 = Debug|Any CPU
		{F92DF17C-0ABC-4E6B-8FB4-B1328668970A}.Release|Any CPU.ActiveCfg = Release|Any CPU
		{F92DF17C-0ABC-4E6B-8FB4-B1328668970A}.Release|Any CPU.Build.0 = Release|Any CPU
		{284D4732-01B8-4CD9-B2FD-3C150F5F526C}.Debug|Any CPU.ActiveCfg = Debug|Any CPU
		{284D4732-01B8-4CD9-B2FD-3C150F5F526C}.Debug|Any CPU.Build.0 = Debug|Any CPU
		{284D4732-01B8-4CD9-B2FD-3C150F5F526C}.Release|Any CPU.ActiveCfg = Release|Any CPU
		{284D4732-01B8-4CD9-B2FD-3C150F5F526C}.Release|Any CPU.Build.0 = Release|Any CPU
	EndGlobalSection
	GlobalSection(SolutionProperties) = preSolution
		HideSolutionNode = FALSE
	EndGlobalSection
	GlobalSection(ExtensibilityGlobals) = postSolution
		SolutionGuid = {0D95723C-AB6F-4F81-8483-5847C0617B8D}
	EndGlobalSection
EndGlobal
